
Microsoft Visual Studio Solution File, Format Version 12.00
# Visual Studio 15
VisualStudioVersion = 15.0.26730.12
MinimumVisualStudioVersion = 10.0.40219.1
Project("{FAE04EC0-301F-11D3-BF4B-00C04F79EFBC}") = "file", "ConsoleApp1\file.csproj", "{614687EF-352F-473A-8B12-0BAEB9902350}"
EndProject
Project("{FAE04EC0-301F-11D3-BF4B-00C04F79EFBC}") = "乱码", "ConsoleApp2\乱码.csproj", "{BB3C9831-78D1-4626-AE67-147FA4DA188A}"
EndProject
Global
	GlobalSection(SolutionConfigurationPlatforms) = preSolution
		Debug|Any CPU = Debug|Any CPU
		Release|Any CPU = Release|Any CPU
	EndGlobalSection
	GlobalSection(ProjectConfigurationPlatforms) = postSolution
		{614687EF-352F-473A-8B12-0BAEB9902350}.Debug|Any CPU.ActiveCfg = Debug|Any CPU
		{614687EF-352F-473A-8B12-0BAEB9902350}.Debug|Any CPU.Build.0 = Debug|Any CPU
		{614687EF-352F-473A-8B12-0BAEB9902350}.Release|Any CPU.ActiveCfg = Release|Any CPU
		{614687EF-352F-473A-8B12-0BAEB9902350}.Release|Any CPU.Build.0 = Release|Any CPU
		{BB3C9831-78D1-4626-AE67-147FA4DA188A}.Debug|Any CPU.ActiveCfg = Debug|Any CPU
		{BB3C9831-78D1-4626-AE67-147FA4DA188A}.Debug|Any CPU.Build.0 = Debug|Any CPU
		{BB3C9831-78D1-4626-AE67-147FA4DA188A}.Release|Any CPU.ActiveCfg = Release|Any CPU
		{BB3C9831-78D1-4626-AE67-147FA4DA188A}.Release|Any CPU.Build.0 = Release|Any CPU
	EndGlobalSection
	GlobalSection(SolutionProperties) = preSolution
		HideSolutionNode = FALSE
	EndGlobalSection
	GlobalSection(ExtensibilityGlobals) = postSolution
		SolutionGuid = {E6FF584C-1391-4921-8652-DA00D0AA2019}
	EndGlobalSection
EndGlobal
